
Microsoft Visual Studio Solution File, Format Version 12.00
# Visual Studio Version 17
VisualStudioVersion = 17.8.34330.188
MinimumVisualStudioVersion = 10.0.40219.1
Project("{FAE04EC0-301F-11D3-BF4B-00C04F79EFBC}") = "NguyenThiKimNgan_31231026837", "NguyenThiKimNgan_31231026837\NguyenThiKimNgan_31231026837.csproj", "{E59F911C-FBDC-48B1-8359-AD7635524BA2}"
EndProject
Project("{2150E333-8FDC-42A3-9474-1A3956D46DE8}") = "Solution Items", "Solution Items", "{1E1FB325-85B4-4F45-94BA-7A4B2695344E}"
EndProject
Global
	GlobalSection(SolutionConfigurationPlatforms) = preSolution
		Debug|Any CPU = Debug|Any CPU
		Release|Any CPU = Release|Any CPU
	EndGlobalSection
	GlobalSection(ProjectConfigurationPlatforms) = postSolution
		{E59F911C-FBDC-48B1-8359-AD7635524BA2}.Debug|Any CPU.ActiveCfg = Debug|Any CPU
		{E59F911C-FBDC-48B1-8359-AD7635524BA2}.Debug|Any CPU.Build.0 = Debug|Any CPU
		{E59F911C-FBDC-48B1-8359-AD7635524BA2}.Release|Any CPU.ActiveCfg = Release|Any CPU
		{E59F911C-FBDC-48B1-8359-AD7635524BA2}.Release|Any CPU.Build.0 = Release|Any CPU
	EndGlobalSection
	GlobalSection(SolutionProperties) = preSolution
		HideSolutionNode = FALSE
	EndGlobalSection
	GlobalSection(ExtensibilityGlobals) = postSolution
		SolutionGuid = {D8881AD0-F958-423F-8A56-B601AFD2A82C}
	EndGlobalSection
EndGlobal
